{
    "_readme": [
        "This file locks the dependencies of your project to a known state",
        "Read more about it at https://getcomposer.org/doc/01-basic-usage.md#composer-lock-the-lock-file",
        "This file is @generated automatically"
    ],
    "content-hash": "b1f080d5c8a55e586db10093df67cad5",
    "packages": [
        {
            "name": "aura/accept",
            "version": "2.x-dev",
            "source": {
                "type": "git",
                "url": "https://github.com/auraphp/Aura.Accept.git",
                "reference": "e7959639b7014501f9dfb886e85ba0f765501fde"
            },
            "dist": {
                "type": "zip",
                "url": "https://api.github.com/repos/auraphp/Aura.Accept/zipball/e7959639b7014501f9dfb886e85ba0f765501fde",
                "reference": "e7959639b7014501f9dfb886e85ba0f765501fde",
                "shasum": ""
            },
            "require": {
                "php": ">=5.3.0"
            },
            "require-dev": {
                "aura/di": "~2.0",
                "phpunit/phpunit": "~5.7 || ~4.8"
            },
            "type": "library",
            "extra": {
                "aura": {
                    "type": "library",
                    "config": {
                        "common": "Aura\\Accept\\_Config\\Common"
                    }
                }
            },
            "autoload": {
                "psr-4": {
                    "Aura\\Accept\\": "src/",
                    "Aura\\Accept\\_Config\\": "config/"
                }
            },
            "notification-url": "https://packagist.org/downloads/",
            "license": [
                "BSD-2-Clause"
            ],
            "authors": [
                {
                    "name": "Aura.Accept Contributors",
                    "homepage": "https://github.com/auraphp/Aura.Accept/contributors"
                }
            ],
            "description": "Provides content-negotiation tools using Accept* headers.",
            "homepage": "https://github.com/auraphp/Aura.Accept",
            "keywords": [
                "accept",
                "accept-charset",
                "accept-encoding",
                "accept-language",
                "content negotiation",
                "content type",
                "media type"
            ],
            "time": "2017-10-06 13:08:53"
        },
        {
            "name": "g4/buffer",
            "version": "0.1.0",
            "source": {
                "type": "git",
                "url": "https://github.com/g4code/buffer.git",
                "reference": "4612246480beba4ce2ef4d65cdf0ff0d1440d2e9"
            },
            "dist": {
                "type": "zip",
                "url": "https://api.github.com/repos/g4code/buffer/zipball/4612246480beba4ce2ef4d65cdf0ff0d1440d2e9",
                "reference": "4612246480beba4ce2ef4d65cdf0ff0d1440d2e9",
                "shasum": ""
            },
            "require": {
                "predis/predis": "*"
            },
            "type": "library",
            "autoload": {
                "psr-4": {
                    "G4\\Buffer\\": "src/"
                }
            },
            "notification-url": "https://packagist.org/downloads/",
            "license": [
                "MIT"
            ],
            "authors": [
                {
                    "name": "Drasko Gomboc",
                    "email": "drasko.gomboc@gmail.com"
                },
                {
                    "name": "Dejan Samardzija",
                    "email": "samardzija.dejan@gmail.com"
                },
                {
                    "name": "Ivan Krickovic",
                    "email": "ivan.krickovic@gmail.com"
                }
            ],
            "description": "g4 buffer package",
            "keywords": [
                "Buffer",
                "redis",
                "storage"
            ],
            "time": "2014-04-27T21:50:58+00:00"
        },
        {
            "name": "g4/clean-core",
            "version": "0.17.3",
            "source": {
                "type": "git",
                "url": "https://github.com/g4code/clean-core.git",
                "reference": "4b300de34d489637e0a1ebf33927fff0c978fdeb"
            },
            "dist": {
                "type": "zip",
                "url": "https://api.github.com/repos/g4code/clean-core/zipball/4b300de34d489637e0a1ebf33927fff0c978fdeb",
                "reference": "4b300de34d489637e0a1ebf33927fff0c978fdeb",
                "shasum": ""
            },
            "require": {
                "g4/constants": "*",
                "php": ">=5.4",
                "zendframework/zend-paginator": "2.*"
            },
            "require-dev": {
                "phpunit/phpunit": "3.7.*"
            },
            "type": "library",
            "autoload": {
                "psr-4": {
                    "G4\\CleanCore\\": "src/"
                }
            },
            "notification-url": "https://packagist.org/downloads/",
            "license": [
                "MIT"
            ],
            "authors": [
                {
                    "name": "Drasko Gomboc",
                    "email": "drasko.gomboc@gmail.com"
                },
                {
                    "name": "Dejan Samardzija",
                    "email": "samardzija.dejan@gmail.com"
                },
                {
                    "name": "Ivan Krickovic",
                    "email": "ivan.krickovic@gmail.com"
                }
            ],
            "description": "clean-core php library",
            "keywords": [
                "clean architecture",
                "clean core",
                "service",
                "use case"
            ],
            "time": "2017-06-06T11:35:49+00:00"
        },
        {
            "name": "g4/constants",
            "version": "0.6.10",
            "source": {
                "type": "git",
                "url": "https://github.com/g4code/constants.git",
                "reference": "dabccdbd8eec5a6d06f8ef3c92b1b492fff392fe"
            },
            "dist": {
                "type": "zip",
                "url": "https://api.github.com/repos/g4code/constants/zipball/dabccdbd8eec5a6d06f8ef3c92b1b492fff392fe",
                "reference": "dabccdbd8eec5a6d06f8ef3c92b1b492fff392fe",
                "shasum": ""
            },
            "require": {
                "php": ">=5.4"
            },
            "type": "library",
            "autoload": {
                "psr-4": {
                    "G4\\Constants\\": "src/"
                }
            },
            "notification-url": "https://packagist.org/downloads/",
            "license": [
                "MIT"
            ],
            "authors": [
                {
                    "name": "Dejan Samardzija",
                    "email": "samardzija.dejan@gmail.com"
                }
            ],
            "description": "G4 constants that are used for all day stuff and this is good way to organize them",
            "keywords": [
                "constants"
            ],
            "time": "2017-07-19T07:30:59+00:00"
        },
        {
            "name": "g4/di",
            "version": "1.0.0",
            "source": {
                "type": "git",
                "url": "https://github.com/g4code/di.git",
                "reference": "3a371abd0e8c52d82e830de55efaa4d1275a73c4"
            },
            "dist": {
                "type": "zip",
                "url": "https://api.github.com/repos/g4code/di/zipball/3a371abd0e8c52d82e830de55efaa4d1275a73c4",
                "reference": "3a371abd0e8c52d82e830de55efaa4d1275a73c4",
                "shasum": ""
            },
            "require": {
                "php": ">=5.3.3",
                "pimple/pimple": "3.*"
            },
            "type": "library",
            "autoload": {
                "psr-4": {
                    "G4\\DI\\": "src/"
                }
            },
            "notification-url": "https://packagist.org/downloads/",
            "license": [
                "MIT"
            ],
            "authors": [
                {
                    "name": "Drasko Gomboc",
                    "email": "drasko.gomboc@gmail.com"
                },
                {
                    "name": "Dejan Samardzija",
                    "email": "samardzija.dejan@gmail.com"
                },
                {
                    "name": "Ivan Krickovic",
                    "email": "ivan.krickovic@gmail.com"
                }
            ],
            "description": "g4 dependencies injection container based on Pimple",
            "keywords": [
                "dependencies",
                "di",
                "pimple"
            ],
            "time": "2015-09-28T12:52:20+00:00"
        },
        {
            "name": "g4/http",
            "version": "0.2.1",
            "source": {
                "type": "git",
                "url": "https://github.com/g4code/http.git",
                "reference": "0a089417df27f439ba09cc765f95635e9f33f166"
            },
            "dist": {
                "type": "zip",
                "url": "https://api.github.com/repos/g4code/http/zipball/0a089417df27f439ba09cc765f95635e9f33f166",
                "reference": "0a089417df27f439ba09cc765f95635e9f33f166",
                "shasum": ""
            },
            "require": {
                "php": ">=5.3.3"
            },
            "type": "library",
            "autoload": {
                "psr-4": {
                    "G4\\Http\\": "src/"
                }
            },
            "notification-url": "https://packagist.org/downloads/",
            "license": [
                "MIT"
            ],
            "authors": [
                {
                    "name": "Drasko Gomboc",
                    "email": "drasko.gomboc@gmail.com"
                },
                {
                    "name": "Dejan Samardzija",
                    "email": "samardzija.dejan@gmail.com"
                },
                {
                    "name": "Ivan Krickovic",
                    "email": "ivan.krickovic@gmail.com"
                }
            ],
            "description": "g4 http request and response objects, for now taken and edited from ZF1",
            "keywords": [
                "http",
                "request",
                "response"
            ],
            "time": "2017-02-20T15:05:15+00:00"
        },
        {
            "name": "g4/log",
            "version": "0.12.0",
            "source": {
                "type": "git",
                "url": "https://github.com/g4code/log.git",
                "reference": "e68c2d643eb79509dff4e6e9c27ea0dbaca61ca3"
            },
            "dist": {
                "type": "zip",
                "url": "https://api.github.com/repos/g4code/log/zipball/e68c2d643eb79509dff4e6e9c27ea0dbaca61ca3",
                "reference": "e68c2d643eb79509dff4e6e9c27ea0dbaca61ca3",
                "shasum": ""
            },
            "require": {
                "g4/profiler": "*",
                "g4/utility": "*",
                "php": ">=5.3.3"
            },
            "require-dev": {
                "jakub-onderka/php-parallel-lint": "^0.9.2"
            },
            "suggest": {
                "elasticsearch/elasticsearch": "Allow sending log messages to an Elasticsearch server"
            },
            "type": "library",
            "autoload": {
                "psr-4": {
                    "G4\\Log\\": "src/"
                }
            },
            "notification-url": "https://packagist.org/downloads/",
            "license": [
                "MIT"
            ],
            "authors": [
                {
                    "name": "Drasko Gomboc",
                    "email": "drasko.gomboc@gmail.com"
                },
                {
                    "name": "Dejan Samardzija",
                    "email": "samardzija.dejan@gmail.com"
                },
                {
                    "name": "Ivan Krickovic",
                    "email": "ivan.krickovic@gmail.com"
                }
            ],
            "description": "Writes your logs to files, databases, search engines...",
            "keywords": [
                "debug",
                "log",
                "logger",
                "writer"
            ],
            "time": "2017-06-02T07:13:05+00:00"
        },
        {
            "name": "g4/profiler",
            "version": "0.90.1",
            "source": {
                "type": "git",
                "url": "https://github.com/g4code/profiler.git",
                "reference": "ea7636861410113be23443b57b5a7208e3448c8e"
            },
            "dist": {
                "type": "zip",
                "url": "https://api.github.com/repos/g4code/profiler/zipball/ea7636861410113be23443b57b5a7208e3448c8e",
                "reference": "ea7636861410113be23443b57b5a7208e3448c8e",
                "shasum": ""
            },
            "require": {
                "g4/buffer": "*",
                "g4/di": "*",
                "g4/log": "*",
                "php": ">=5.4"
            },
            "type": "library",
            "autoload": {
                "psr-4": {
                    "G4\\Profiler\\": "src/"
                }
            },
            "notification-url": "https://packagist.org/downloads/",
            "license": [
                "MIT"
            ],
            "authors": [
                {
                    "name": "Drasko Gomboc",
                    "email": "drasko.gomboc@gmail.com"
                },
                {
                    "name": "Dejan Samardzija",
                    "email": "samardzija.dejan@gmail.com"
                },
                {
                    "name": "Ivan Krickovic",
                    "email": "ivan.krickovic@gmail.com"
                }
            ],
            "description": "g4 application profiler package",
            "keywords": [
                "debug",
                "performance",
                "profiler"
            ],
            "time": "2017-07-28T11:37:05+00:00"
        },
        {
            "name": "g4/utility",
            "version": "0.1.2",
            "source": {
                "type": "git",
                "url": "https://github.com/g4code/utility.git",
                "reference": "542721db5b8ceb87543df9bd37f1bb0d85716d9b"
            },
            "dist": {
                "type": "zip",
                "url": "https://api.github.com/repos/g4code/utility/zipball/542721db5b8ceb87543df9bd37f1bb0d85716d9b",
                "reference": "542721db5b8ceb87543df9bd37f1bb0d85716d9b",
                "shasum": ""
            },
            "require": {
                "g4/di": "*",
                "php": ">=5.4"
            },
            "type": "library",
            "autoload": {
                "psr-4": {
                    "G4\\Utility\\": "src/"
                }
            },
            "notification-url": "https://packagist.org/downloads/",
            "license": [
                "MIT"
            ],
            "authors": [
                {
                    "name": "Drasko Gomboc",
                    "email": "drasko.gomboc@gmail.com"
                },
                {
                    "name": "Dejan Samardzija",
                    "email": "samardzija.dejan@gmail.com"
                },
                {
                    "name": "Ivan Krickovic",
                    "email": "ivan.krickovic@gmail.com"
                }
            ],
            "description": "g4 utility package - misc helpers",
            "keywords": [
                "helpers",
                "tools",
                "utility"
            ],
            "time": "2015-06-05T09:46:55+00:00"
        },
        {
            "name": "pimple/pimple",
            "version": "v3.2.2",
            "source": {
                "type": "git",
                "url": "https://github.com/silexphp/Pimple.git",
                "reference": "4d45fb62d96418396ec58ba76e6f065bca16e10a"
            },
            "dist": {
                "type": "zip",
                "url": "https://api.github.com/repos/silexphp/Pimple/zipball/4d45fb62d96418396ec58ba76e6f065bca16e10a",
                "reference": "4d45fb62d96418396ec58ba76e6f065bca16e10a",
                "shasum": ""
            },
            "require": {
                "php": ">=5.3.0",
                "psr/container": "^1.0"
            },
            "require-dev": {
                "symfony/phpunit-bridge": "^3.2"
            },
            "type": "library",
            "extra": {
                "branch-alias": {
                    "dev-master": "3.2.x-dev"
                }
            },
            "autoload": {
                "psr-0": {
                    "Pimple": "src/"
                }
            },
            "notification-url": "https://packagist.org/downloads/",
            "license": [
                "MIT"
            ],
            "authors": [
                {
                    "name": "Fabien Potencier",
                    "email": "fabien@symfony.com"
                }
            ],
            "description": "Pimple, a simple Dependency Injection Container",
            "homepage": "http://pimple.sensiolabs.org",
            "keywords": [
                "container",
                "dependency injection"
            ],
            "time": "2017-07-23T07:32:15+00:00"
        },
        {
            "name": "predis/predis",
            "version": "v1.1.1",
            "source": {
                "type": "git",
                "url": "https://github.com/nrk/predis.git",
                "reference": "f0210e38881631afeafb56ab43405a92cafd9fd1"
            },
            "dist": {
                "type": "zip",
                "url": "https://api.github.com/repos/nrk/predis/zipball/f0210e38881631afeafb56ab43405a92cafd9fd1",
                "reference": "f0210e38881631afeafb56ab43405a92cafd9fd1",
                "shasum": ""
            },
            "require": {
                "php": ">=5.3.9"
            },
            "require-dev": {
                "phpunit/phpunit": "~4.8"
            },
            "suggest": {
                "ext-curl": "Allows access to Webdis when paired with phpiredis",
                "ext-phpiredis": "Allows faster serialization and deserialization of the Redis protocol"
            },
            "type": "library",
            "autoload": {
                "psr-4": {
                    "Predis\\": "src/"
                }
            },
            "notification-url": "https://packagist.org/downloads/",
            "license": [
                "MIT"
            ],
            "authors": [
                {
                    "name": "Daniele Alessandri",
                    "email": "suppakilla@gmail.com",
                    "homepage": "http://clorophilla.net"
                }
            ],
            "description": "Flexible and feature-complete Redis client for PHP and HHVM",
            "homepage": "http://github.com/nrk/predis",
            "keywords": [
                "nosql",
                "predis",
                "redis"
            ],
            "time": "2016-06-16T16:22:20+00:00"
        },
        {
            "name": "psr/container",
            "version": "1.0.0",
            "source": {
                "type": "git",
                "url": "https://github.com/php-fig/container.git",
                "reference": "b7ce3b176482dbbc1245ebf52b181af44c2cf55f"
            },
            "dist": {
                "type": "zip",
                "url": "https://api.github.com/repos/php-fig/container/zipball/b7ce3b176482dbbc1245ebf52b181af44c2cf55f",
                "reference": "b7ce3b176482dbbc1245ebf52b181af44c2cf55f",
                "shasum": ""
            },
            "require": {
                "php": ">=5.3.0"
            },
            "type": "library",
            "extra": {
                "branch-alias": {
                    "dev-master": "1.0.x-dev"
                }
            },
            "autoload": {
                "psr-4": {
                    "Psr\\Container\\": "src/"
                }
            },
            "notification-url": "https://packagist.org/downloads/",
            "license": [
                "MIT"
            ],
            "authors": [
                {
                    "name": "PHP-FIG",
                    "homepage": "http://www.php-fig.org/"
                }
            ],
            "description": "Common Container Interface (PHP FIG PSR-11)",
            "homepage": "https://github.com/php-fig/container",
            "keywords": [
                "PSR-11",
                "container",
                "container-interface",
                "container-interop",
                "psr"
            ],
            "time": "2017-02-14T16:28:37+00:00"
        },
        {
            "name": "twig/extensions",
            "version": "v1.5.1",
            "source": {
                "type": "git",
                "url": "https://github.com/twigphp/Twig-extensions.git",
                "reference": "d188c76168b853481cc75879ea045bf93d718e9c"
            },
            "dist": {
                "type": "zip",
                "url": "https://api.github.com/repos/twigphp/Twig-extensions/zipball/d188c76168b853481cc75879ea045bf93d718e9c",
                "reference": "d188c76168b853481cc75879ea045bf93d718e9c",
                "shasum": ""
            },
            "require": {
                "twig/twig": "~1.27|~2.0"
            },
            "require-dev": {
                "symfony/phpunit-bridge": "~3.3@dev",
                "symfony/translation": "~2.3|~3.0"
            },
            "suggest": {
                "symfony/translation": "Allow the time_diff output to be translated"
            },
            "type": "library",
            "extra": {
                "branch-alias": {
                    "dev-master": "1.5-dev"
                }
            },
            "autoload": {
                "psr-0": {
                    "Twig_Extensions_": "lib/"
                },
                "psr-4": {
                    "Twig\\Extensions\\": "src/"
                }
            },
            "notification-url": "https://packagist.org/downloads/",
            "license": [
                "MIT"
            ],
            "authors": [
                {
                    "name": "Fabien Potencier",
                    "email": "fabien@symfony.com"
                }
            ],
            "description": "Common additional features for Twig that do not directly belong in core",
            "homepage": "http://twig.sensiolabs.org/doc/extensions/index.html",
            "keywords": [
                "i18n",
                "text"
            ],
            "time": "2017-06-08T18:19:53+00:00"
        },
        {
            "name": "twig/twig",
            "version": "v1.35.0",
            "source": {
                "type": "git",
                "url": "https://github.com/twigphp/Twig.git",
                "reference": "daa657073e55b0a78cce8fdd22682fddecc6385f"
            },
            "dist": {
                "type": "zip",
                "url": "https://api.github.com/repos/twigphp/Twig/zipball/daa657073e55b0a78cce8fdd22682fddecc6385f",
                "reference": "daa657073e55b0a78cce8fdd22682fddecc6385f",
                "shasum": ""
            },
            "require": {
                "php": ">=5.3.3"
            },
            "require-dev": {
                "psr/container": "^1.0",
                "symfony/debug": "~2.7",
                "symfony/phpunit-bridge": "~3.3@dev"
            },
            "type": "library",
            "extra": {
                "branch-alias": {
                    "dev-master": "1.35-dev"
                }
            },
            "autoload": {
                "psr-0": {
                    "Twig_": "lib/"
                },
                "psr-4": {
                    "Twig\\": "src/"
                }
            },
            "notification-url": "https://packagist.org/downloads/",
            "license": [
                "BSD-3-Clause"
            ],
            "authors": [
                {
                    "name": "Fabien Potencier",
                    "email": "fabien@symfony.com",
                    "homepage": "http://fabien.potencier.org",
                    "role": "Lead Developer"
                },
                {
                    "name": "Armin Ronacher",
                    "email": "armin.ronacher@active-4.com",
                    "role": "Project Founder"
                },
                {
                    "name": "Twig Team",
                    "homepage": "http://twig.sensiolabs.org/contributors",
                    "role": "Contributors"
                }
            ],
            "description": "Twig, the flexible, fast, and secure template language for PHP",
            "homepage": "http://twig.sensiolabs.org",
            "keywords": [
                "templating"
            ],
            "time": "2017-09-27T18:06:46+00:00"
        },
        {
            "name": "zendframework/zend-paginator",
            "version": "2.7.0",
            "source": {
                "type": "git",
                "url": "https://github.com/zendframework/zend-paginator.git",
                "reference": "42211f3e1e8230953c641e91fec5aa9fe964eb95"
            },
            "dist": {
                "type": "zip",
                "url": "https://api.github.com/repos/zendframework/zend-paginator/zipball/42211f3e1e8230953c641e91fec5aa9fe964eb95",
                "reference": "42211f3e1e8230953c641e91fec5aa9fe964eb95",
                "shasum": ""
            },
            "require": {
                "php": "^5.5 || ^7.0",
                "zendframework/zend-stdlib": "^2.7 || ^3.0"
            },
            "require-dev": {
                "fabpot/php-cs-fixer": "1.7.*",
                "phpunit/phpunit": "~4.0",
                "zendframework/zend-cache": "^2.6.1",
                "zendframework/zend-config": "^2.6.0",
                "zendframework/zend-db": "^2.7",
                "zendframework/zend-filter": "^2.6.1",
                "zendframework/zend-json": "^2.6.1",
                "zendframework/zend-servicemanager": "^2.7.5 || ^3.0.3",
                "zendframework/zend-view": "^2.6.3"
            },
            "suggest": {
                "zendframework/zend-cache": "Zend\\Cache component to support cache features",
                "zendframework/zend-db": "Zend\\Db component",
                "zendframework/zend-filter": "Zend\\Filter component",
                "zendframework/zend-json": "Zend\\Json component",
                "zendframework/zend-servicemanager": "Zend\\ServiceManager component",
                "zendframework/zend-view": "Zend\\View component"
            },
            "type": "library",
            "extra": {
                "branch-alias": {
                    "dev-master": "2.7-dev",
                    "dev-develop": "2.8-dev"
                },
                "zf": {
                    "component": "Zend\\Paginator",
                    "config-provider": "Zend\\Paginator\\ConfigProvider"
                }
            },
            "autoload": {
                "psr-4": {
                    "Zend\\Paginator\\": "src/"
                }
            },
            "notification-url": "https://packagist.org/downloads/",
            "license": [
                "BSD-3-Clause"
            ],
            "homepage": "https://github.com/zendframework/zend-paginator",
            "keywords": [
                "paginator",
                "zf2"
            ],
            "time": "2016-04-11T21:18:13+00:00"
        },
        {
            "name": "zendframework/zend-stdlib",
            "version": "3.1.0",
            "source": {
                "type": "git",
                "url": "https://github.com/zendframework/zend-stdlib.git",
                "reference": "debedcfc373a293f9250cc9aa03cf121428c8e78"
            },
            "dist": {
                "type": "zip",
                "url": "https://api.github.com/repos/zendframework/zend-stdlib/zipball/debedcfc373a293f9250cc9aa03cf121428c8e78",
                "reference": "debedcfc373a293f9250cc9aa03cf121428c8e78",
                "shasum": ""
            },
            "require": {
                "php": "^5.6 || ^7.0"
            },
            "require-dev": {
                "athletic/athletic": "~0.1",
                "phpunit/phpunit": "~4.0",
                "squizlabs/php_codesniffer": "^2.6.2"
            },
            "type": "library",
            "extra": {
                "branch-alias": {
                    "dev-master": "3.1-dev",
                    "dev-develop": "3.2-dev"
                }
            },
            "autoload": {
                "psr-4": {
                    "Zend\\Stdlib\\": "src/"
                }
            },
            "notification-url": "https://packagist.org/downloads/",
            "license": [
                "BSD-3-Clause"
            ],
            "homepage": "https://github.com/zendframework/zend-stdlib",
            "keywords": [
                "stdlib",
                "zf2"
            ],
            "time": "2016-09-13T14:38:50+00:00"
        }
    ],
    "packages-dev": [],
    "aliases": [],
    "minimum-stability": "stable",
    "stability-flags": {
        "aura/accept": 20
    },
    "prefer-stable": false,
    "prefer-lowest": false,
    "platform": {
        "php": ">=5.4"
    },
    "platform-dev": []
}
